
Microsoft Visual Studio Solution File, Format Version 12.00
# Visual Studio 14
VisualStudioVersion = 14.0.25420.1
MinimumVisualStudioVersion = 10.0.40219.1
Project("{D2ABAB84-BF74-430A-B69E-9DC6D40DDA17}") = "AirportAnalysis", "AirportAnalysis\AirportAnalysis.dwproj", "{49E09A7F-D873-4E05-A232-E6A068D54ACA}"
EndProject
Global
	GlobalSection(SolutionConfigurationPlatforms) = preSolution
		Development|Default = Development|Default
	EndGlobalSection
	GlobalSection(ProjectConfigurationPlatforms) = postSolution
		{49E09A7F-D873-4E05-A232-E6A068D54ACA}.Development|Default.ActiveCfg = Development
		{49E09A7F-D873-4E05-A232-E6A068D54ACA}.Development|Default.Build.0 = Development
		{49E09A7F-D873-4E05-A232-E6A068D54ACA}.Development|Default.Deploy.0 = Development
	EndGlobalSection
	GlobalSection(SolutionProperties) = preSolution
		HideSolutionNode = FALSE
	EndGlobalSection
EndGlobal
