
Microsoft Visual Studio Solution File, Format Version 12.00
# Visual Studio 14
VisualStudioVersion = 14.0.25420.1
MinimumVisualStudioVersion = 10.0.40219.1
Project("{159641D6-6404-4A2A-AE62-294DE0FE8301}") = "Airport_DW2", "Airport_DW2\Airport_DW2.dtproj", "{C8A683B7-9F48-49AB-97A6-849F1D2C5714}"
EndProject
Global
	GlobalSection(SolutionConfigurationPlatforms) = preSolution
		Development|Default = Development|Default
	EndGlobalSection
	GlobalSection(ProjectConfigurationPlatforms) = postSolution
		{C8A683B7-9F48-49AB-97A6-849F1D2C5714}.Development|Default.ActiveCfg = Development
		{C8A683B7-9F48-49AB-97A6-849F1D2C5714}.Development|Default.Build.0 = Development
	EndGlobalSection
	GlobalSection(SolutionProperties) = preSolution
		HideSolutionNode = FALSE
	EndGlobalSection
EndGlobal
